// !$*UTF8*$!
{
	archiveVersion = 1;
	classes = {
	};
	objectVersion = 50;
	objects = {

/* Begin PBXBuildFile section */
		2630CD5937FFBF2F82574A6D /* Pods_TapTapGo.framework in Frameworks */ = {isa = PBXBuildFile; fileRef = 21FA2897946E19CB154F6E6A /* Pods_TapTapGo.framework */; };
		3A79EBD7209FDD6900A84E33 /* AppDelegate.swift in Sources */ = {isa = PBXBuildFile; fileRef = 3A79EBD6209FDD6900A84E33 /* AppDelegate.swift */; };
		3A79EBD9209FDD6900A84E33 /* ViewController.swift in Sources */ = {isa = PBXBuildFile; fileRef = 3A79EBD8209FDD6900A84E33 /* ViewController.swift */; };
		3A79EBDC209FDD6900A84E33 /* Main.storyboard in Resources */ = {isa = PBXBuildFile; fileRef = 3A79EBDA209FDD6900A84E33 /* Main.storyboard */; };
		3A79EBDE209FDD6A00A84E33 /* Assets.xcassets in Resources */ = {isa = PBXBuildFile; fileRef = 3A79EBDD209FDD6A00A84E33 /* Assets.xcassets */; };
		3A79EBE1209FDD6A00A84E33 /* LaunchScreen.storyboard in Resources */ = {isa = PBXBuildFile; fileRef = 3A79EBDF209FDD6A00A84E33 /* LaunchScreen.storyboard */; };
		3A79EBEC209FDD6A00A84E33 /* TapTapGoTests.swift in Sources */ = {isa = PBXBuildFile; fileRef = 3A79EBEB209FDD6A00A84E33 /* TapTapGoTests.swift */; };
		3A79EBF7209FE37900A84E33 /* ViewModel.swift in Sources */ = {isa = PBXBuildFile; fileRef = 3A79EBF6209FE37900A84E33 /* ViewModel.swift */; };
		D6CA68A278BFAEC53E644FC9 /* Pods_TapTapGoTests.framework in Frameworks */ = {isa = PBXBuildFile; fileRef = 202A19490CC10DECE079CE64 /* Pods_TapTapGoTests.framework */; };
/* End PBXBuildFile section */

/* Begin PBXContainerItemProxy section */
		3A79EBE8209FDD6A00A84E33 /* PBXContainerItemProxy */ = {
			isa = PBXContainerItemProxy;
			containerPortal = 3A79EBCB209FDD6800A84E33 /* Project object */;
			proxyType = 1;
			remoteGlobalIDString = 3A79EBD2209FDD6800A84E33;
			remoteInfo = TapTapGo;
		};
/* End PBXContainerItemProxy section */

/* Begin PBXFileReference section */
		05AED1B3FB689EE8B2799ECD /* Pods-TapTapGo.debug.xcconfig */ = {isa = PBXFileReference; includeInIndex = 1; lastKnownFileType = text.xcconfig; name = "Pods-TapTapGo.debug.xcconfig"; path = "Pods/Target Support Files/Pods-TapTapGo/Pods-TapTapGo.debug.xcconfig"; sourceTree = "<group>"; };
		16298AF9373B85E72DE25CAD /* Pods-TapTapGo.release.xcconfig */ = {isa = PBXFileReference; includeInIndex = 1; lastKnownFileType = text.xcconfig; name = "Pods-TapTapGo.release.xcconfig"; path = "Pods/Target Support Files/Pods-TapTapGo/Pods-TapTapGo.release.xcconfig"; sourceTree = "<group>"; };
		202A19490CC10DECE079CE64 /* Pods_TapTapGoTests.framework */ = {isa = PBXFileReference; explicitFileType = wrapper.framework; includeInIndex = 0; path = Pods_TapTapGoTests.framework; sourceTree = BUILT_PRODUCTS_DIR; };
		21FA2897946E19CB154F6E6A /* Pods_TapTapGo.framework */ = {isa = PBXFileReference; explicitFileType = wrapper.framework; includeInIndex = 0; path = Pods_TapTapGo.framework; sourceTree = BUILT_PRODUCTS_DIR; };
		3A79EBD3209FDD6800A84E33 /* TapTapGo.app */ = {isa = PBXFileReference; explicitFileType = wrapper.application; includeInIndex = 0; path = TapTapGo.app; sourceTree = BUILT_PRODUCTS_DIR; };
		3A79EBD6209FDD6900A84E33 /* AppDelegate.swift */ = {isa = PBXFileReference; lastKnownFileType = sourcecode.swift; path = AppDelegate.swift; sourceTree = "<group>"; };
		3A79EBD8209FDD6900A84E33 /* ViewController.swift */ = {isa = PBXFileReference; lastKnownFileType = sourcecode.swift; path = ViewController.swift; sourceTree = "<group>"; };
		3A79EBDB209FDD6900A84E33 /* Base */ = {isa = PBXFileReference; lastKnownFileType = file.storyboard; name = Base; path = Base.lproj/Main.storyboard; sourceTree = "<group>"; };
		3A79EBDD209FDD6A00A84E33 /* Assets.xcassets */ = {isa = PBXFileReference; lastKnownFileType = folder.assetcatalog; path = Assets.xcassets; sourceTree = "<group>"; };
		3A79EBE0209FDD6A00A84E33 /* Base */ = {isa = PBXFileReference; lastKnownFileType = file.storyboard; name = Base; path = Base.lproj/LaunchScreen.storyboard; sourceTree = "<group>"; };
		3A79EBE2209FDD6A00A84E33 /* Info.plist */ = {isa = PBXFileReference; lastKnownFileType = text.plist.xml; path = Info.plist; sourceTree = "<group>"; };
		3A79EBE7209FDD6A00A84E33 /* TapTapGoTests.xctest */ = {isa = PBXFileReference; explicitFileType = wrapper.cfbundle; includeInIndex = 0; path = TapTapGoTests.xctest; sourceTree = BUILT_PRODUCTS_DIR; };
		3A79EBEB209FDD6A00A84E33 /* TapTapGoTests.swift */ = {isa = PBXFileReference; lastKnownFileType = sourcecode.swift; path = TapTapGoTests.swift; sourceTree = "<group>"; };
		3A79EBED209FDD6A00A84E33 /* Info.plist */ = {isa = PBXFileReference; lastKnownFileType = text.plist.xml; path = Info.plist; sourceTree = "<group>"; };
		3A79EBF6209FE37900A84E33 /* ViewModel.swift */ = {isa = PBXFileReference; lastKnownFileType = sourcecode.swift; path = ViewModel.swift; sourceTree = "<group>"; };
		3CA9E995FF1135AD731E3B9D /* Pods-TapTapGoTests.release.xcconfig */ = {isa = PBXFileReference; includeInIndex = 1; lastKnownFileType = text.xcconfig; name = "Pods-TapTapGoTests.release.xcconfig"; path = "Pods/Target Support Files/Pods-TapTapGoTests/Pods-TapTapGoTests.release.xcconfig"; sourceTree = "<group>"; };
		D8040FC01603DFE585071227 /* Pods-TapTapGoTests.debug.xcconfig */ = {isa = PBXFileReference; includeInIndex = 1; lastKnownFileType = text.xcconfig; name = "Pods-TapTapGoTests.debug.xcconfig"; path = "Pods/Target Support Files/Pods-TapTapGoTests/Pods-TapTapGoTests.debug.xcconfig"; sourceTree = "<group>"; };
/* End PBXFileReference section */

/* Begin PBXFrameworksBuildPhase section */
		3A79EBD0209FDD6800A84E33 /* Frameworks */ = {
			isa = PBXFrameworksBuildPhase;
			buildActionMask = 2147483647;
			files = (
				2630CD5937FFBF2F82574A6D /* Pods_TapTapGo.framework in Frameworks */,
			);
			runOnlyForDeploymentPostprocessing = 0;
		};
		3A79EBE4209FDD6A00A84E33 /* Frameworks */ = {
			isa = PBXFrameworksBuildPhase;
			buildActionMask = 2147483647;
			files = (
				D6CA68A278BFAEC53E644FC9 /* Pods_TapTapGoTests.framework in Frameworks */,
			);
			runOnlyForDeploymentPostprocessing = 0;
		};
/* End PBXFrameworksBuildPhase section */

/* Begin PBXGroup section */
		21C4F0B9536DCB165AFE59DF /* Frameworks */ = {
			isa = PBXGroup;
			children = (
				21FA2897946E19CB154F6E6A /* Pods_TapTapGo.framework */,
				202A19490CC10DECE079CE64 /* Pods_TapTapGoTests.framework */,
			);
			name = Frameworks;
			sourceTree = "<group>";
		};
		3A79EBCA209FDD6800A84E33 = {
			isa = PBXGroup;
			children = (
				3A79EBD5209FDD6800A84E33 /* TapTapGo */,
				3A79EBEA209FDD6A00A84E33 /* TapTapGoTests */,
				3A79EBD4209FDD6800A84E33 /* Products */,
				F275A813188A7D04F556A4FB /* Pods */,
				21C4F0B9536DCB165AFE59DF /* Frameworks */,
			);
			sourceTree = "<group>";
		};
		3A79EBD4209FDD6800A84E33 /* Products */ = {
			isa = PBXGroup;
			children = (
				3A79EBD3209FDD6800A84E33 /* TapTapGo.app */,
				3A79EBE7209FDD6A00A84E33 /* TapTapGoTests.xctest */,
			);
			name = Products;
			sourceTree = "<group>";
		};
		3A79EBD5209FDD6800A84E33 /* TapTapGo */ = {
			isa = PBXGroup;
			children = (
				3A79EBD6209FDD6900A84E33 /* AppDelegate.swift */,
				3A79EBD8209FDD6900A84E33 /* ViewController.swift */,
				3A79EBF6209FE37900A84E33 /* ViewModel.swift */,
				3A79EBDA209FDD6900A84E33 /* Main.storyboard */,
				3A79EBDD209FDD6A00A84E33 /* Assets.xcassets */,
				3A79EBDF209FDD6A00A84E33 /* LaunchScreen.storyboard */,
				3A79EBE2209FDD6A00A84E33 /* Info.plist */,
			);
			path = TapTapGo;
			sourceTree = "<group>";
		};
		3A79EBEA209FDD6A00A84E33 /* TapTapGoTests */ = {
			isa = PBXGroup;
			children = (
				3A79EBEB209FDD6A00A84E33 /* TapTapGoTests.swift */,
				3A79EBED209FDD6A00A84E33 /* Info.plist */,
			);
			path = TapTapGoTests;
			sourceTree = "<group>";
		};
		F275A813188A7D04F556A4FB /* Pods */ = {
			isa = PBXGroup;
			children = (
				05AED1B3FB689EE8B2799ECD /* Pods-TapTapGo.debug.xcconfig */,
				16298AF9373B85E72DE25CAD /* Pods-TapTapGo.release.xcconfig */,
				D8040FC01603DFE585071227 /* Pods-TapTapGoTests.debug.xcconfig */,
				3CA9E995FF1135AD731E3B9D /* Pods-TapTapGoTests.release.xcconfig */,
			);
			name = Pods;
			sourceTree = "<group>";
		};
/* End PBXGroup section */

/* Begin PBXNativeTarget section */
		3A79EBD2209FDD6800A84E33 /* TapTapGo */ = {
			isa = PBXNativeTarget;
			buildConfigurationList = 3A79EBF0209FDD6A00A84E33 /* Build configuration list for PBXNativeTarget "TapTapGo" */;
			buildPhases = (
				B9BDC1B965AC3DBDA860750C /* [CP] Check Pods Manifest.lock */,
				3A79EBCF209FDD6800A84E33 /* Sources */,
				3A79EBD0209FDD6800A84E33 /* Frameworks */,
				3A79EBD1209FDD6800A84E33 /* Resources */,
				F40336F9AC626E4FC5953ABA /* [CP] Embed Pods Frameworks */,
			);
			buildRules = (
			);
			dependencies = (
			);
			name = TapTapGo;
			productName = TapTapGo;
			productReference = 3A79EBD3209FDD6800A84E33 /* TapTapGo.app */;
			productType = "com.apple.product-type.application";
		};
		3A79EBE6209FDD6A00A84E33 /* TapTapGoTests */ = {
			isa = PBXNativeTarget;
			buildConfigurationList = 3A79EBF3209FDD6A00A84E33 /* Build configuration list for PBXNativeTarget "TapTapGoTests" */;
			buildPhases = (
				56613260B3A723836C7B958F /* [CP] Check Pods Manifest.lock */,
				3A79EBE3209FDD6A00A84E33 /* Sources */,
				3A79EBE4209FDD6A00A84E33 /* Frameworks */,
				3A79EBE5209FDD6A00A84E33 /* Resources */,
				330AA4881568C5CD8CA88219 /* [CP] Embed Pods Frameworks */,
			);
			buildRules = (
			);
			dependencies = (
				3A79EBE9209FDD6A00A84E33 /* PBXTargetDependency */,
			);
			name = TapTapGoTests;
			productName = TapTapGoTests;
			productReference = 3A79EBE7209FDD6A00A84E33 /* TapTapGoTests.xctest */;
			productType = "com.apple.product-type.bundle.unit-test";
		};
/* End PBXNativeTarget section */

/* Begin PBXProject section */
		3A79EBCB209FDD6800A84E33 /* Project object */ = {
			isa = PBXProject;
			attributes = {
				LastSwiftUpdateCheck = 0930;
				LastUpgradeCheck = 0930;
				ORGANIZATIONNAME = xyz;
				TargetAttributes = {
					3A79EBD2209FDD6800A84E33 = {
						CreatedOnToolsVersion = 9.3;
					};
					3A79EBE6209FDD6A00A84E33 = {
						CreatedOnToolsVersion = 9.3;
						TestTargetID = 3A79EBD2209FDD6800A84E33;
					};
				};
			};
			buildConfigurationList = 3A79EBCE209FDD6800A84E33 /* Build configuration list for PBXProject "TapTapGo" */;
			compatibilityVersion = "Xcode 9.3";
			developmentRegion = en;
			hasScannedForEncodings = 0;
			knownRegions = (
				en,
				Base,
			);
			mainGroup = 3A79EBCA209FDD6800A84E33;
			productRefGroup = 3A79EBD4209FDD6800A84E33 /* Products */;
			projectDirPath = "";
			projectRoot = "";
			targets = (
				3A79EBD2209FDD6800A84E33 /* TapTapGo */,
				3A79EBE6209FDD6A00A84E33 /* TapTapGoTests */,
			);
		};
/* End PBXProject section */

/* Begin PBXResourcesBuildPhase section */
		3A79EBD1209FDD6800A84E33 /* Resources */ = {
			isa = PBXResourcesBuildPhase;
			buildActionMask = 2147483647;
			files = (
				3A79EBE1209FDD6A00A84E33 /* LaunchScreen.storyboard in Resources */,
				3A79EBDE209FDD6A00A84E33 /* Assets.xcassets in Resources */,
				3A79EBDC209FDD6900A84E33 /* Main.storyboard in Resources */,
			);
			runOnlyForDeploymentPostprocessing = 0;
		};
		3A79EBE5209FDD6A00A84E33 /* Resources */ = {
			isa = PBXResourcesBuildPhase;
			buildActionMask = 2147483647;
			files = (
			);
			runOnlyForDeploymentPostprocessing = 0;
		};
/* End PBXResourcesBuildPhase section */

/* Begin PBXShellScriptBuildPhase section */
		330AA4881568C5CD8CA88219 /* [CP] Embed Pods Frameworks */ = {
			isa = PBXShellScriptBuildPhase;
			buildActionMask = 2147483647;
			files = (
			);
			inputPaths = (
				"${SRCROOT}/Pods/Target Support Files/Pods-TapTapGoTests/Pods-TapTapGoTests-frameworks.sh",
				"${BUILT_PRODUCTS_DIR}/RxCocoa/RxCocoa.framework",
				"${BUILT_PRODUCTS_DIR}/RxSwift/RxSwift.framework",
				"${BUILT_PRODUCTS_DIR}/RxTest/RxTest.framework",
			);
			name = "[CP] Embed Pods Frameworks";
			outputPaths = (
				"${TARGET_BUILD_DIR}/${FRAMEWORKS_FOLDER_PATH}/RxCocoa.framework",
				"${TARGET_BUILD_DIR}/${FRAMEWORKS_FOLDER_PATH}/RxSwift.framework",
				"${TARGET_BUILD_DIR}/${FRAMEWORKS_FOLDER_PATH}/RxTest.framework",
			);
			runOnlyForDeploymentPostprocessing = 0;
			shellPath = /bin/sh;
			shellScript = "\"${SRCROOT}/Pods/Target Support Files/Pods-TapTapGoTests/Pods-TapTapGoTests-frameworks.sh\"\n";
			showEnvVarsInLog = 0;
		};
		56613260B3A723836C7B958F /* [CP] Check Pods Manifest.lock */ = {
			isa = PBXShellScriptBuildPhase;
			buildActionMask = 2147483647;
			files = (
			);
			inputPaths = (
				"${PODS_PODFILE_DIR_PATH}/Podfile.lock",
				"${PODS_ROOT}/Manifest.lock",
			);
			name = "[CP] Check Pods Manifest.lock";
			outputPaths = (
				"$(DERIVED_FILE_DIR)/Pods-TapTapGoTests-checkManifestLockResult.txt",
			);
			runOnlyForDeploymentPostprocessing = 0;
			shellPath = /bin/sh;
			shellScript = "diff \"${PODS_PODFILE_DIR_PATH}/Podfile.lock\" \"${PODS_ROOT}/Manifest.lock\" > /dev/null\nif [ $? != 0 ] ; then\n    # print error to STDERR\n    echo \"error: The sandbox is not in sync with the Podfile.lock. Run 'pod install' or update your CocoaPods installation.\" >&2\n    exit 1\nfi\n# This output is used by Xcode 'outputs' to avoid re-running this script phase.\necho \"SUCCESS\" > \"${SCRIPT_OUTPUT_FILE_0}\"\n";
			showEnvVarsInLog = 0;
		};
		B9BDC1B965AC3DBDA860750C /* [CP] Check Pods Manifest.lock */ = {
			isa = PBXShellScriptBuildPhase;
			buildActionMask = 2147483647;
			files = (
			);
			inputPaths = (
				"${PODS_PODFILE_DIR_PATH}/Podfile.lock",
				"${PODS_ROOT}/Manifest.lock",
			);
			name = "[CP] Check Pods Manifest.lock";
			outputPaths = (
				"$(DERIVED_FILE_DIR)/Pods-TapTapGo-checkManifestLockResult.txt",
			);
			runOnlyForDeploymentPostprocessing = 0;
			shellPath = /bin/sh;
			shellScript = "diff \"${PODS_PODFILE_DIR_PATH}/Podfile.lock\" \"${PODS_ROOT}/Manifest.lock\" > /dev/null\nif [ $? != 0 ] ; then\n    # print error to STDERR\n    echo \"error: The sandbox is not in sync with the Podfile.lock. Run 'pod install' or update your CocoaPods installation.\" >&2\n    exit 1\nfi\n# This output is used by Xcode 'outputs' to avoid re-running this script phase.\necho \"SUCCESS\" > \"${SCRIPT_OUTPUT_FILE_0}\"\n";
			showEnvVarsInLog = 0;
		};
		F40336F9AC626E4FC5953ABA /* [CP] Embed Pods Frameworks */ = {
			isa = PBXShellScriptBuildPhase;
			buildActionMask = 2147483647;
			files = (
			);
			inputPaths = (
				"${SRCROOT}/Pods/Target Support Files/Pods-TapTapGo/Pods-TapTapGo-frameworks.sh",
				"${BUILT_PRODUCTS_DIR}/RxCocoa/RxCocoa.framework",
				"${BUILT_PRODUCTS_DIR}/RxSwift/RxSwift.framework",
			);
			name = "[CP] Embed Pods Frameworks";
			outputPaths = (
				"${TARGET_BUILD_DIR}/${FRAMEWORKS_FOLDER_PATH}/RxCocoa.framework",
				"${TARGET_BUILD_DIR}/${FRAMEWORKS_FOLDER_PATH}/RxSwift.framework",
			);
			runOnlyForDeploymentPostprocessing = 0;
			shellPath = /bin/sh;
			shellScript = "\"${SRCROOT}/Pods/Target Support Files/Pods-TapTapGo/Pods-TapTapGo-frameworks.sh\"\n";
			showEnvVarsInLog = 0;
		};
/* End PBXShellScriptBuildPhase section */

/* Begin PBXSourcesBuildPhase section */
		3A79EBCF209FDD6800A84E33 /* Sources */ = {
			isa = PBXSourcesBuildPhase;
			buildActionMask = 2147483647;
			files = (
				3A79EBD9209FDD6900A84E33 /* ViewController.swift in Sources */,
				3A79EBF7209FE37900A84E33 /* ViewModel.swift in Sources */,
				3A79EBD7209FDD6900A84E33 /* AppDelegate.swift in Sources */,
			);
			runOnlyForDeploymentPostprocessing = 0;
		};
		3A79EBE3209FDD6A00A84E33 /* Sources */ = {
			isa = PBXSourcesBuildPhase;
			buildActionMask = 2147483647;
			files = (
				3A79EBEC209FDD6A00A84E33 /* TapTapGoTests.swift in Sources */,
			);
			runOnlyForDeploymentPostprocessing = 0;
		};
/* End PBXSourcesBuildPhase section */

/* Begin PBXTargetDependency section */
		3A79EBE9209FDD6A00A84E33 /* PBXTargetDependency */ = {
			isa = PBXTargetDependency;
			target = 3A79EBD2209FDD6800A84E33 /* TapTapGo */;
			targetProxy = 3A79EBE8209FDD6A00A84E33 /* PBXContainerItemProxy */;
		};
/* End PBXTargetDependency section */

/* Begin PBXVariantGroup section */
		3A79EBDA209FDD6900A84E33 /* Main.storyboard */ = {
			isa = PBXVariantGroup;
			children = (
				3A79EBDB209FDD6900A84E33 /* Base */,
			);
			name = Main.storyboard;
			sourceTree = "<group>";
		};
		3A79EBDF209FDD6A00A84E33 /* LaunchScreen.storyboard */ = {
			isa = PBXVariantGroup;
			children = (
				3A79EBE0209FDD6A00A84E33 /* Base */,
			);
			name = LaunchScreen.storyboard;
			sourceTree = "<group>";
		};
/* End PBXVariantGroup section */

/* Begin XCBuildConfiguration section */
		3A79EBEE209FDD6A00A84E33 /* Debug */ = {
			isa = XCBuildConfiguration;
			buildSettings = {
				ALWAYS_SEARCH_USER_PATHS = NO;
				CLANG_ANALYZER_NONNULL = YES;
				CLANG_ANALYZER_NUMBER_OBJECT_CONVERSION = YES_AGGRESSIVE;
				CLANG_CXX_LANGUAGE_STANDARD = "gnu++14";
				CLANG_CXX_LIBRARY = "libc++";
				CLANG_ENABLE_MODULES = YES;
				CLANG_ENABLE_OBJC_ARC = YES;
				CLANG_ENABLE_OBJC_WEAK = YES;
				CLANG_WARN_BLOCK_CAPTURE_AUTORELEASING = YES;
				CLANG_WARN_BOOL_CONVERSION = YES;
				CLANG_WARN_COMMA = YES;
				CLANG_WARN_CONSTANT_CONVERSION = YES;
				CLANG_WARN_DEPRECATED_OBJC_IMPLEMENTATIONS = YES;
				CLANG_WARN_DIRECT_OBJC_ISA_USAGE = YES_ERROR;
				CLANG_WARN_DOCUMENTATION_COMMENTS = YES;
				CLANG_WARN_EMPTY_BODY = YES;
				CLANG_WARN_ENUM_CONVERSION = YES;
				CLANG_WARN_INFINITE_RECURSION = YES;
				CLANG_WARN_INT_CONVERSION = YES;
				CLANG_WARN_NON_LITERAL_NULL_CONVERSION = YES;
				CLANG_WARN_OBJC_IMPLICIT_RETAIN_SELF = YES;
				CLANG_WARN_OBJC_LITERAL_CONVERSION = YES;
				CLANG_WARN_OBJC_ROOT_CLASS = YES_ERROR;
				CLANG_WARN_RANGE_LOOP_ANALYSIS = YES;
				CLANG_WARN_STRICT_PROTOTYPES = YES;
				CLANG_WARN_SUSPICIOUS_MOVE = YES;
				CLANG_WARN_UNGUARDED_AVAILABILITY = YES_AGGRESSIVE;
				CLANG_WARN_UNREACHABLE_CODE = YES;
				CLANG_WARN__DUPLICATE_METHOD_MATCH = YES;
				CODE_SIGN_IDENTITY = "iPhone Developer";
				COPY_PHASE_STRIP = NO;
				DEBUG_INFORMATION_FORMAT = dwarf;
				ENABLE_STRICT_OBJC_MSGSEND = YES;
				ENABLE_TESTABILITY = YES;
				GCC_C_LANGUAGE_STANDARD = gnu11;
				GCC_DYNAMIC_NO_PIC = NO;
				GCC_NO_COMMON_BLOCKS = YES;
				GCC_OPTIMIZATION_LEVEL = 0;
				GCC_PREPROCESSOR_DEFINITIONS = (
					"DEBUG=1",
					"$(inherited)",
				);
				GCC_WARN_64_TO_32_BIT_CONVERSION = YES;
				GCC_WARN_ABOUT_RETURN_TYPE = YES_ERROR;
				GCC_WARN_UNDECLARED_SELECTOR = YES;
				GCC_WARN_UNINITIALIZED_AUTOS = YES_AGGRESSIVE;
				GCC_WARN_UNUSED_FUNCTION = YES;
				GCC_WARN_UNUSED_VARIABLE = YES;
				IPHONEOS_DEPLOYMENT_TARGET = 11.3;
				MTL_ENABLE_DEBUG_INFO = YES;
				ONLY_ACTIVE_ARCH = YES;
				SDKROOT = iphoneos;
				SWIFT_ACTIVE_COMPILATION_CONDITIONS = DEBUG;
				SWIFT_OPTIMIZATION_LEVEL = "-Onone";
			};
			name = Debug;
		};
		3A79EBEF209FDD6A00A84E33 /* Release */ = {
			isa = XCBuildConfiguration;
			buildSettings = {
				ALWAYS_SEARCH_USER_PATHS = NO;
				CLANG_ANALYZER_NONNULL = YES;
				CLANG_ANALYZER_NUMBER_OBJECT_CONVERSION = YES_AGGRESSIVE;
				CLANG_CXX_LANGUAGE_STANDARD = "gnu++14";
				CLANG_CXX_LIBRARY = "libc++";
				CLANG_ENABLE_MODULES = YES;
				CLANG_ENABLE_OBJC_ARC = YES;
				CLANG_ENABLE_OBJC_WEAK = YES;
				CLANG_WARN_BLOCK_CAPTURE_AUTORELEASING = YES;
				CLANG_WARN_BOOL_CONVERSION = YES;
				CLANG_WARN_COMMA = YES;
				CLANG_WARN_CONSTANT_CONVERSION = YES;
				CLANG_WARN_DEPRECATED_OBJC_IMPLEMENTATIONS = YES;
				CLANG_WARN_DIRECT_OBJC_ISA_USAGE = YES_ERROR;
				CLANG_WARN_DOCUMENTATION_COMMENTS = YES;
				CLANG_WARN_EMPTY_BODY = YES;
				CLANG_WARN_ENUM_CONVERSION = YES;
				CLANG_WARN_INFINITE_RECURSION = YES;
				CLANG_WARN_INT_CONVERSION = YES;
				CLANG_WARN_NON_LITERAL_NULL_CONVERSION = YES;
				CLANG_WARN_OBJC_IMPLICIT_RETAIN_SELF = YES;
				CLANG_WARN_OBJC_LITERAL_CONVERSION = YES;
				CLANG_WARN_OBJC_ROOT_CLASS = YES_ERROR;
				CLANG_WARN_RANGE_LOOP_ANALYSIS = YES;
				CLANG_WARN_STRICT_PROTOTYPES = YES;
				CLANG_WARN_SUSPICIOUS_MOVE = YES;
				CLANG_WARN_UNGUARDED_AVAILABILITY = YES_AGGRESSIVE;
				CLANG_WARN_UNREACHABLE_CODE = YES;
				CLANG_WARN__DUPLICATE_METHOD_MATCH = YES;
				CODE_SIGN_IDENTITY = "iPhone Developer";
				COPY_PHASE_STRIP = NO;
				DEBUG_INFORMATION_FORMAT = "dwarf-with-dsym";
				ENABLE_NS_ASSERTIONS = NO;
				ENABLE_STRICT_OBJC_MSGSEND = YES;
				GCC_C_LANGUAGE_STANDARD = gnu11;
				GCC_NO_COMMON_BLOCKS = YES;
				GCC_WARN_64_TO_32_BIT_CONVERSION = YES;
				GCC_WARN_ABOUT_RETURN_TYPE = YES_ERROR;
				GCC_WARN_UNDECLARED_SELECTOR = YES;
				GCC_WARN_UNINITIALIZED_AUTOS = YES_AGGRESSIVE;
				GCC_WARN_UNUSED_FUNCTION = YES;
				GCC_WARN_UNUSED_VARIABLE = YES;
				IPHONEOS_DEPLOYMENT_TARGET = 11.3;
				MTL_ENABLE_DEBUG_INFO = NO;
				SDKROOT = iphoneos;
				SWIFT_COMPILATION_MODE = wholemodule;
				SWIFT_OPTIMIZATION_LEVEL = "-O";
				VALIDATE_PRODUCT = YES;
			};
			name = Release;
		};
		3A79EBF1209FDD6A00A84E33 /* Debug */ = {
			isa = XCBuildConfiguration;
			baseConfigurationReference = 05AED1B3FB689EE8B2799ECD /* Pods-TapTapGo.debug.xcconfig */;
			buildSettings = {
				ASSETCATALOG_COMPILER_APPICON_NAME = AppIcon;
				CODE_SIGN_STYLE = Automatic;
				INFOPLIST_FILE = TapTapGo/Info.plist;
				LD_RUNPATH_SEARCH_PATHS = (
					"$(inherited)",
					"@executable_path/Frameworks",
				);
				PRODUCT_BUNDLE_IDENTIFIER = com.xyz.TapTapGo;
				PRODUCT_NAME = "$(TARGET_NAME)";
				SWIFT_VERSION = 4.0;
				TARGETED_DEVICE_FAMILY = "1,2";
			};
			name = Debug;
		};
		3A79EBF2209FDD6A00A84E33 /* Release */ = {
			isa = XCBuildConfiguration;
			baseConfigurationReference = 16298AF9373B85E72DE25CAD /* Pods-TapTapGo.release.xcconfig */;
			buildSettings = {
				ASSETCATALOG_COMPILER_APPICON_NAME = AppIcon;
				CODE_SIGN_STYLE = Automatic;
				INFOPLIST_FILE = TapTapGo/Info.plist;
				LD_RUNPATH_SEARCH_PATHS = (
					"$(inherited)",
					"@executable_path/Frameworks",
				);
				PRODUCT_BUNDLE_IDENTIFIER = com.xyz.TapTapGo;
				PRODUCT_NAME = "$(TARGET_NAME)";
				SWIFT_VERSION = 4.0;
				TARGETED_DEVICE_FAMILY = "1,2";
			};
			name = Release;
		};
		3A79EBF4209FDD6A00A84E33 /* Debug */ = {
			isa = XCBuildConfiguration;
			baseConfigurationReference = D8040FC01603DFE585071227 /* Pods-TapTapGoTests.debug.xcconfig */;
			buildSettings = {
				ALWAYS_EMBED_SWIFT_STANDARD_LIBRARIES = YES;
				BUNDLE_LOADER = "$(TEST_HOST)";
				CODE_SIGN_STYLE = Automatic;
				INFOPLIST_FILE = TapTapGoTests/Info.plist;
				LD_RUNPATH_SEARCH_PATHS = (
					"$(inherited)",
					"@executable_path/Frameworks",
					"@loader_path/Frameworks",
				);
				PRODUCT_BUNDLE_IDENTIFIER = com.xyz.TapTapGoTests;
				PRODUCT_NAME = "$(TARGET_NAME)";
				SWIFT_VERSION = 4.0;
				TARGETED_DEVICE_FAMILY = "1,2";
				TEST_HOST = "$(BUILT_PRODUCTS_DIR)/TapTapGo.app/TapTapGo";
			};
			name = Debug;
		};
		3A79EBF5209FDD6A00A84E33 /* Release */ = {
			isa = XCBuildConfiguration;
			baseConfigurationReference = 3CA9E995FF1135AD731E3B9D /* Pods-TapTapGoTests.release.xcconfig */;
			buildSettings = {
				ALWAYS_EMBED_SWIFT_STANDARD_LIBRARIES = YES;
				BUNDLE_LOADER = "$(TEST_HOST)";
				CODE_SIGN_STYLE = Automatic;
				INFOPLIST_FILE = TapTapGoTests/Info.plist;
				LD_RUNPATH_SEARCH_PATHS = (
					"$(inherited)",
					"@executable_path/Frameworks",
					"@loader_path/Frameworks",
				);
				PRODUCT_BUNDLE_IDENTIFIER = com.xyz.TapTapGoTests;
				PRODUCT_NAME = "$(TARGET_NAME)";
				SWIFT_VERSION = 4.0;
				TARGETED_DEVICE_FAMILY = "1,2";
				TEST_HOST = "$(BUILT_PRODUCTS_DIR)/TapTapGo.app/TapTapGo";
			};
			name = Release;
		};
/* End XCBuildConfiguration section */

/* Begin XCConfigurationList section */
		3A79EBCE209FDD6800A84E33 /* Build configuration list for PBXProject "TapTapGo" */ = {
			isa = XCConfigurationList;
			buildConfigurations = (
				3A79EBEE209FDD6A00A84E33 /* Debug */,
				3A79EBEF209FDD6A00A84E33 /* Release */,
			);
			defaultConfigurationIsVisible = 0;
			defaultConfigurationName = Release;
		};
		3A79EBF0209FDD6A00A84E33 /* Build configuration list for PBXNativeTarget "TapTapGo" */ = {
			isa = XCConfigurationList;
			buildConfigurations = (
				3A79EBF1209FDD6A00A84E33 /* Debug */,
				3A79EBF2209FDD6A00A84E33 /* Release */,
			);
			defaultConfigurationIsVisible = 0;
			defaultConfigurationName = Release;
		};
		3A79EBF3209FDD6A00A84E33 /* Build configuration list for PBXNativeTarget "TapTapGoTests" */ = {
			isa = XCConfigurationList;
			buildConfigurations = (
				3A79EBF4209FDD6A00A84E33 /* Debug */,
				3A79EBF5209FDD6A00A84E33 /* Release */,
			);
			defaultConfigurationIsVisible = 0;
			defaultConfigurationName = Release;
		};
/* End XCConfigurationList section */
	};
	rootObject = 3A79EBCB209FDD6800A84E33 /* Project object */;
}
